
Microsoft Visual Studio Solution File, Format Version 12.00
# Visual Studio Version 17
VisualStudioVersion = 17.5.33530.505
MinimumVisualStudioVersion = 10.0.40219.1
Project("{FAE04EC0-301F-11D3-BF4B-00C04F79EFBC}") = "ISHomework", "ISHomework\ISHomework.csproj", "{483F5FAB-ACF5-4F65-9D6D-BFFBE38C54D8}"
EndProject
Project("{FAE04EC0-301F-11D3-BF4B-00C04F79EFBC}") = "ISServices", "Service\ISServices.csproj", "{E4C79109-3A79-4150-B5FE-53820F1CB765}"
EndProject
Project("{FAE04EC0-301F-11D3-BF4B-00C04F79EFBC}") = "ISRepository", "Repository\ISRepository.csproj", "{0BECD177-EACB-4F6E-A6A8-F6C4DD7A5352}"
EndProject
Project("{FAE04EC0-301F-11D3-BF4B-00C04F79EFBC}") = "ISDomain", "Domain\ISDomain.csproj", "{FE55B6FC-782C-4FD0-A611-42EEDC85AA08}"
EndProject
Global
	GlobalSection(SolutionConfigurationPlatforms) = preSolution
		Debug|Any CPU = Debug|Any CPU
		Release|Any CPU = Release|Any CPU
	EndGlobalSection
	GlobalSection(ProjectConfigurationPlatforms) = postSolution
		{483F5FAB-ACF5-4F65-9D6D-BFFBE38C54D8}.Debug|Any CPU.ActiveCfg = Debug|Any CPU
		{483F5FAB-ACF5-4F65-9D6D-BFFBE38C54D8}.Debug|Any CPU.Build.0 = Debug|Any CPU
		{483F5FAB-ACF5-4F65-9D6D-BFFBE38C54D8}.Release|Any CPU.ActiveCfg = Release|Any CPU
		{483F5FAB-ACF5-4F65-9D6D-BFFBE38C54D8}.Release|Any CPU.Build.0 = Release|Any CPU
		{E4C79109-3A79-4150-B5FE-53820F1CB765}.Debug|Any CPU.ActiveCfg = Debug|Any CPU
		{E4C79109-3A79-4150-B5FE-53820F1CB765}.Debug|Any CPU.Build.0 = Debug|Any CPU
		{E4C79109-3A79-4150-B5FE-53820F1CB765}.Release|Any CPU.ActiveCfg = Release|Any CPU
		{E4C79109-3A79-4150-B5FE-53820F1CB765}.Release|Any CPU.Build.0 = Release|Any CPU
		{0BECD177-EACB-4F6E-A6A8-F6C4DD7A5352}.Debug|Any CPU.ActiveCfg = Debug|Any CPU
		{0BECD177-EACB-4F6E-A6A8-F6C4DD7A5352}.Debug|Any CPU.Build.0 = Debug|Any CPU
		{0BECD177-EACB-4F6E-A6A8-F6C4DD7A5352}.Release|Any CPU.ActiveCfg = Release|Any CPU
		{0BECD177-EACB-4F6E-A6A8-F6C4DD7A5352}.Release|Any CPU.Build.0 = Release|Any CPU
		{FE55B6FC-782C-4FD0-A611-42EEDC85AA08}.Debug|Any CPU.ActiveCfg = Debug|Any CPU
		{FE55B6FC-782C-4FD0-A611-42EEDC85AA08}.Debug|Any CPU.Build.0 = Debug|Any CPU
		{FE55B6FC-782C-4FD0-A611-42EEDC85AA08}.Release|Any CPU.ActiveCfg = Release|Any CPU
		{FE55B6FC-782C-4FD0-A611-42EEDC85AA08}.Release|Any CPU.Build.0 = Release|Any CPU
	EndGlobalSection
	GlobalSection(SolutionProperties) = preSolution
		HideSolutionNode = FALSE
	EndGlobalSection
	GlobalSection(ExtensibilityGlobals) = postSolution
		SolutionGuid = {1896A244-8B1F-4A67-920F-2774187CF919}
	EndGlobalSection
EndGlobal
